
Microsoft Visual Studio Solution File, Format Version 12.00
# Visual Studio 15
VisualStudioVersion = 15.0.28010.2050
MinimumVisualStudioVersion = 10.0.40219.1
Project("{9A19103F-16F7-4668-BE54-9A1E7A4F7556}") = "StockControl", "StockControl.csproj", "{CDD2B3D9-5F5D-4052-ADA7-420FDFC29546}"
EndProject
Global
	GlobalSection(SolutionConfigurationPlatforms) = preSolution
		Debug|Any CPU = Debug|Any CPU
		Release|Any CPU = Release|Any CPU
	EndGlobalSection
	GlobalSection(ProjectConfigurationPlatforms) = postSolution
		{CDD2B3D9-5F5D-4052-ADA7-420FDFC29546}.Debug|Any CPU.ActiveCfg = Debug|Any CPU
		{CDD2B3D9-5F5D-4052-ADA7-420FDFC29546}.Debug|Any CPU.Build.0 = Debug|Any CPU
		{CDD2B3D9-5F5D-4052-ADA7-420FDFC29546}.Release|Any CPU.ActiveCfg = Release|Any CPU
		{CDD2B3D9-5F5D-4052-ADA7-420FDFC29546}.Release|Any CPU.Build.0 = Release|Any CPU
	EndGlobalSection
	GlobalSection(SolutionProperties) = preSolution
		HideSolutionNode = FALSE
	EndGlobalSection
	GlobalSection(ExtensibilityGlobals) = postSolution
		SolutionGuid = {5C1FC6B9-6061-482A-97B1-7C8DB34D4CB7}
	EndGlobalSection
EndGlobal
